<?xml version="1.0" encoding="utf-8"?>
<Project ToolsVersion="4.0" xmlns="http://schemas.microsoft.com/developer/msbuild/2003">
  <ItemGroup>
    <Filter Include="Source Files">
      <UniqueIdentifier>{9d1ce036-f03b-4db9-8404-ebd125b1eabf}</UniqueIdentifier>
      <Extensions>cpp;c;cxx;rc;def;r;odl;idl;hpj;bat</Extensions>
    </Filter>
    <Filter Include="Header Files">
      <UniqueIdentifier>{58d27e0c-23ec-44e6-b31b-fc2c84e7be66}</UniqueIdentifier>
      <Extensions>h;hpp;hxx;hm;inl</Extensions>
    </Filter>
    <Filter Include="Resource Files">
      <UniqueIdentifier>{976e8092-a5a2-4cdf-923f-48e0104e69c8}</UniqueIdentifier>
      <Extensions>ico;cur;bmp;dlg;rc2;rct;bin;rgs;gif;jpg;jpeg;jpe</Extensions>
    </Filter>
  </ItemGroup>
  <ItemGroup>
    <ClCompile Include="Application.cpp">
      <Filter>Source Files</Filter>
    </ClCompile>
    <ClCompile Include="Application3.cpp">
      <Filter>Source Files</Filter>
    </ClCompile>
    <ClCompile Include="CS580HW.cpp">
      <Filter>Source Files</Filter>
    </ClCompile>
    <ClCompile Include="CS580HWDoc.cpp">
      <Filter>Source Files</Filter>
    </ClCompile>
    <ClCompile Include="CS580HWView.cpp">
      <Filter>Source Files</Filter>
    </ClCompile>
    <ClCompile Include="MainFrm.cpp">
      <Filter>Source Files</Filter>
    </ClCompile>
    <ClCompile Include="rend.cpp">
      <Filter>Source Files</Filter>
    </ClCompile>
    <ClCompile Include="RotateDlg.cpp">
      <Filter>Source Files</Filter>
    </ClCompile>
    <ClCompile Include="ScaleDlg.cpp">
      <Filter>Source Files</Filter>
    </ClCompile>
    <ClCompile Include="StdAfx.cpp">
      <Filter>Source Files</Filter>
    </ClCompile>
    <ClCompile Include="TranslateDlg.cpp">
      <Filter>Source Files</Filter>
    </ClCompile>
    <ClCompile Include="rendDigitalDifferentialAnalyzer.cpp">
      <Filter>Source Files</Filter>
    </ClCompile>
    <ClCompile Include="rendVertexSorter.cpp">
      <Filter>Source Files</Filter>
    </ClCompile>
    <ClCompile Include="rendMatrix.cpp">
      <Filter>Source Files</Filter>
    </ClCompile>
  </ItemGroup>
  <ItemGroup>
    <ResourceCompile Include="CS580HW.rc">
      <Filter>Source Files</Filter>
    </ResourceCompile>
  </ItemGroup>
  <ItemGroup>
    <ClInclude Include="Application.h">
      <Filter>Header Files</Filter>
    </ClInclude>
    <ClInclude Include="Application3.h">
      <Filter>Header Files</Filter>
    </ClInclude>
    <ClInclude Include="CS580HW.h">
      <Filter>Header Files</Filter>
    </ClInclude>
    <ClInclude Include="CS580HWDoc.h">
      <Filter>Header Files</Filter>
    </ClInclude>
    <ClInclude Include="CS580HWView.h">
      <Filter>Header Files</Filter>
    </ClInclude>
    <ClInclude Include="gz.h">
      <Filter>Header Files</Filter>
    </ClInclude>
    <ClInclude Include="MainFrm.h">
      <Filter>Header Files</Filter>
    </ClInclude>
    <ClInclude Include="rend.h">
      <Filter>Header Files</Filter>
    </ClInclude>
    <ClInclude Include="Resource.h">
      <Filter>Header Files</Filter>
    </ClInclude>
    <ClInclude Include="RotateDlg.h">
      <Filter>Header Files</Filter>
    </ClInclude>
    <ClInclude Include="ScaleDlg.h">
      <Filter>Header Files</Filter>
    </ClInclude>
    <ClInclude Include="StdAfx.h">
      <Filter>Header Files</Filter>
    </ClInclude>
    <ClInclude Include="TranslateDlg.h">
      <Filter>Header Files</Filter>
    </ClInclude>
    <ClInclude Include="rendDigitalDifferentialAnalyzer.h">
      <Filter>Header Files</Filter>
    </ClInclude>
    <ClInclude Include="rendVertexSorter.h">
      <Filter>Header Files</Filter>
    </ClInclude>
    <ClInclude Include="rendMatrix.h">
      <Filter>Header Files</Filter>
    </ClInclude>
  </ItemGroup>
  <ItemGroup>
    <Image Include="res\CS580HW.ico">
      <Filter>Resource Files</Filter>
    </Image>
    <Image Include="res\CS580HWDoc.ico">
      <Filter>Resource Files</Filter>
    </Image>
    <Image Include="res\icon1.ico">
      <Filter>Resource Files</Filter>
    </Image>
    <Image Include="res\Toolbar.bmp">
      <Filter>Resource Files</Filter>
    </Image>
  </ItemGroup>
  <ItemGroup>
    <Text Include="ReadMe.txt" />
  </ItemGroup>
  <ItemGroup>
    <CustomBuild Include="res\CS580HW.rc2">
      <Filter>Resource Files</Filter>
    </CustomBuild>
  </ItemGroup>
</Project>