
Microsoft Visual Studio Solution File, Format Version 12.00
# Visual Studio Version 16
VisualStudioVersion = 16.0.29230.47
MinimumVisualStudioVersion = 10.0.40219.1
Project("{8BC9CEB8-8B4A-11D0-8D11-00A0C91BC942}") = "CS580HW5", "CS580HW5.vcxproj", "{152ED53C-CFA8-4A4A-AC43-DC5E3FCFE6C0}"
EndProject
Global
	GlobalSection(SolutionConfigurationPlatforms) = preSolution
		Debug|x86 = Debug|x86
		Release|x86 = Release|x86
	EndGlobalSection
	GlobalSection(ProjectConfigurationPlatforms) = postSolution
		{152ED53C-CFA8-4A4A-AC43-DC5E3FCFE6C0}.Debug|x86.ActiveCfg = Debug|Win32
		{152ED53C-CFA8-4A4A-AC43-DC5E3FCFE6C0}.Debug|x86.Build.0 = Debug|Win32
		{152ED53C-CFA8-4A4A-AC43-DC5E3FCFE6C0}.Release|x86.ActiveCfg = Release|Win32
		{152ED53C-CFA8-4A4A-AC43-DC5E3FCFE6C0}.Release|x86.Build.0 = Release|Win32
	EndGlobalSection
	GlobalSection(SolutionProperties) = preSolution
		HideSolutionNode = FALSE
	EndGlobalSection
	GlobalSection(ExtensibilityGlobals) = postSolution
		SolutionGuid = {A0C29ECF-1671-47BA-A9BF-709514AD7170}
	EndGlobalSection
EndGlobal
